
Microsoft Visual Studio Solution File, Format Version 12.00
# Visual Studio Version 17
VisualStudioVersion = 17.9.34607.119
MinimumVisualStudioVersion = 10.0.40219.1
Project("{FAE04EC0-301F-11D3-BF4B-00C04F79EFBC}") = "PassGen", "PassGen\PassGen.csproj", "{ADBB7746-FC18-407F-9FC2-73E235831E74}"
EndProject
Project("{FAE04EC0-301F-11D3-BF4B-00C04F79EFBC}") = "PasswordToolbox", "PasswordToolbox\PasswordToolbox.csproj", "{CAFB8665-5924-4F4C-864C-6614847C070C}"
EndProject
Global
	GlobalSection(SolutionConfigurationPlatforms) = preSolution
		Debug|Any CPU = Debug|Any CPU
		Release|Any CPU = Release|Any CPU
	EndGlobalSection
	GlobalSection(ProjectConfigurationPlatforms) = postSolution
		{ADBB7746-FC18-407F-9FC2-73E235831E74}.Debug|Any CPU.ActiveCfg = Debug|Any CPU
		{ADBB7746-FC18-407F-9FC2-73E235831E74}.Debug|Any CPU.Build.0 = Debug|Any CPU
		{ADBB7746-FC18-407F-9FC2-73E235831E74}.Release|Any CPU.ActiveCfg = Release|Any CPU
		{ADBB7746-FC18-407F-9FC2-73E235831E74}.Release|Any CPU.Build.0 = Release|Any CPU
		{CAFB8665-5924-4F4C-864C-6614847C070C}.Debug|Any CPU.ActiveCfg = Debug|Any CPU
		{CAFB8665-5924-4F4C-864C-6614847C070C}.Debug|Any CPU.Build.0 = Debug|Any CPU
		{CAFB8665-5924-4F4C-864C-6614847C070C}.Release|Any CPU.ActiveCfg = Release|Any CPU
		{CAFB8665-5924-4F4C-864C-6614847C070C}.Release|Any CPU.Build.0 = Release|Any CPU
	EndGlobalSection
	GlobalSection(SolutionProperties) = preSolution
		HideSolutionNode = FALSE
	EndGlobalSection
	GlobalSection(ExtensibilityGlobals) = postSolution
		SolutionGuid = {757E7CDC-EF40-458E-8714-DCFFE84E1DC7}
	EndGlobalSection
EndGlobal
